
Microsoft Visual Studio Solution File, Format Version 12.00
# Visual Studio 15
VisualStudioVersion = 15.0.26730.16
MinimumVisualStudioVersion = 10.0.40219.1
Project("{9A19103F-16F7-4668-BE54-9A1E7A4F7556}") = "StoriesTeller", "StoriesTeller\StoriesTeller.csproj", "{2B308BFC-AF9C-4718-B952-674CEB1B8143}"
EndProject
Project("{FAE04EC0-301F-11D3-BF4B-00C04F79EFBC}") = "UnitTestStoriesTeller", "UnitTestStoriesTeller\UnitTestStoriesTeller.csproj", "{F4B0685D-DCDB-40F3-8460-1167B5850723}"
EndProject
Global
	GlobalSection(SolutionConfigurationPlatforms) = preSolution
		Debug|Any CPU = Debug|Any CPU
		Release|Any CPU = Release|Any CPU
	EndGlobalSection
	GlobalSection(ProjectConfigurationPlatforms) = postSolution
		{2B308BFC-AF9C-4718-B952-674CEB1B8143}.Debug|Any CPU.ActiveCfg = Debug|Any CPU
		{2B308BFC-AF9C-4718-B952-674CEB1B8143}.Debug|Any CPU.Build.0 = Debug|Any CPU
		{2B308BFC-AF9C-4718-B952-674CEB1B8143}.Release|Any CPU.ActiveCfg = Release|Any CPU
		{2B308BFC-AF9C-4718-B952-674CEB1B8143}.Release|Any CPU.Build.0 = Release|Any CPU
		{F4B0685D-DCDB-40F3-8460-1167B5850723}.Debug|Any CPU.ActiveCfg = Debug|Any CPU
		{F4B0685D-DCDB-40F3-8460-1167B5850723}.Debug|Any CPU.Build.0 = Debug|Any CPU
		{F4B0685D-DCDB-40F3-8460-1167B5850723}.Release|Any CPU.ActiveCfg = Release|Any CPU
		{F4B0685D-DCDB-40F3-8460-1167B5850723}.Release|Any CPU.Build.0 = Release|Any CPU
	EndGlobalSection
	GlobalSection(SolutionProperties) = preSolution
		HideSolutionNode = FALSE
	EndGlobalSection
	GlobalSection(ExtensibilityGlobals) = postSolution
		SolutionGuid = {75381369-A999-431E-B88C-AE7A6FAE7CA3}
	EndGlobalSection
EndGlobal
